
Microsoft Visual Studio Solution File, Format Version 12.00
# Visual Studio Version 16
VisualStudioVersion = 16.0.30011.22
MinimumVisualStudioVersion = 10.0.40219.1
Project("{FAE04EC0-301F-11D3-BF4B-00C04F79EFBC}") = "ApiPrueba.WebAPi", "ApiPrueba.WebAPi\ApiPrueba.WebAPi.csproj", "{87E01826-285C-4442-B9AF-4C6AD64CD346}"
EndProject
Global
	GlobalSection(SolutionConfigurationPlatforms) = preSolution
		Debug|Any CPU = Debug|Any CPU
		Release|Any CPU = Release|Any CPU
	EndGlobalSection
	GlobalSection(ProjectConfigurationPlatforms) = postSolution
		{87E01826-285C-4442-B9AF-4C6AD64CD346}.Debug|Any CPU.ActiveCfg = Debug|Any CPU
		{87E01826-285C-4442-B9AF-4C6AD64CD346}.Debug|Any CPU.Build.0 = Debug|Any CPU
		{87E01826-285C-4442-B9AF-4C6AD64CD346}.Release|Any CPU.ActiveCfg = Release|Any CPU
		{87E01826-285C-4442-B9AF-4C6AD64CD346}.Release|Any CPU.Build.0 = Release|Any CPU
	EndGlobalSection
	GlobalSection(SolutionProperties) = preSolution
		HideSolutionNode = FALSE
	EndGlobalSection
	GlobalSection(ExtensibilityGlobals) = postSolution
		SolutionGuid = {B0F3DE0D-FB12-411B-8CCC-78116A3B438F}
	EndGlobalSection
EndGlobal
